
Microsoft Visual Studio Solution File, Format Version 12.00
# Visual Studio Version 17
VisualStudioVersion = 17.3.32929.385
MinimumVisualStudioVersion = 10.0.40219.1
Project("{9A19103F-16F7-4668-BE54-9A1E7A4F7556}") = "tysjyfgjkhfghjetsrstr", "tysjyfgjkhfghjetsrstr.csproj", "{85213389-E07E-4EC3-8221-5B44A4F84F8C}"
EndProject
Global
	GlobalSection(SolutionConfigurationPlatforms) = preSolution
		Debug|Any CPU = Debug|Any CPU
		Release|Any CPU = Release|Any CPU
	EndGlobalSection
	GlobalSection(ProjectConfigurationPlatforms) = postSolution
		{85213389-E07E-4EC3-8221-5B44A4F84F8C}.Debug|Any CPU.ActiveCfg = Debug|Any CPU
		{85213389-E07E-4EC3-8221-5B44A4F84F8C}.Debug|Any CPU.Build.0 = Debug|Any CPU
		{85213389-E07E-4EC3-8221-5B44A4F84F8C}.Release|Any CPU.ActiveCfg = Release|Any CPU
		{85213389-E07E-4EC3-8221-5B44A4F84F8C}.Release|Any CPU.Build.0 = Release|Any CPU
	EndGlobalSection
	GlobalSection(SolutionProperties) = preSolution
		HideSolutionNode = FALSE
	EndGlobalSection
	GlobalSection(ExtensibilityGlobals) = postSolution
		SolutionGuid = {0FC47463-B1B0-40D3-94B2-B8498D2E2156}
	EndGlobalSection
EndGlobal
